// !$*UTF8*$!
{
	archiveVersion = 1;
	classes = {
	};
	objectVersion = 56;
	objects = {

/* Begin PBXBuildFile section */
		50A4F90B2A77D109001AE2E4 /* GuideBookApp.swift in Sources */ = {isa = PBXBuildFile; fileRef = 50A4F90A2A77D109001AE2E4 /* GuideBookApp.swift */; };
		50A4F90D2A77D109001AE2E4 /* CityView.swift in Sources */ = {isa = PBXBuildFile; fileRef = 50A4F90C2A77D109001AE2E4 /* CityView.swift */; };
		50A4F90F2A77D10A001AE2E4 /* Assets.xcassets in Resources */ = {isa = PBXBuildFile; fileRef = 50A4F90E2A77D10A001AE2E4 /* Assets.xcassets */; };
		50A4F9122A77D10A001AE2E4 /* Preview Assets.xcassets in Resources */ = {isa = PBXBuildFile; fileRef = 50A4F9112A77D10A001AE2E4 /* Preview Assets.xcassets */; };
		50A4F9192A77D146001AE2E4 /* AttractionView.swift in Sources */ = {isa = PBXBuildFile; fileRef = 50A4F9182A77D146001AE2E4 /* AttractionView.swift */; };
		50A4F91B2A77D159001AE2E4 /* DetailView.swift in Sources */ = {isa = PBXBuildFile; fileRef = 50A4F91A2A77D159001AE2E4 /* DetailView.swift */; };
		50A4F91D2A77D180001AE2E4 /* DataService.swift in Sources */ = {isa = PBXBuildFile; fileRef = 50A4F91C2A77D180001AE2E4 /* DataService.swift */; };
		50A4F91F2A77D207001AE2E4 /* City.swift in Sources */ = {isa = PBXBuildFile; fileRef = 50A4F91E2A77D207001AE2E4 /* City.swift */; };
		50A4F9212A77D26D001AE2E4 /* Attraction.swift in Sources */ = {isa = PBXBuildFile; fileRef = 50A4F9202A77D26D001AE2E4 /* Attraction.swift */; };
		50A4F9232A79295E001AE2E4 /* CityCard.swift in Sources */ = {isa = PBXBuildFile; fileRef = 50A4F9222A79295E001AE2E4 /* CityCard.swift */; };
		50A4F9252A7931C5001AE2E4 /* AttractionRow.swift in Sources */ = {isa = PBXBuildFile; fileRef = 50A4F9242A7931C5001AE2E4 /* AttractionRow.swift */; };
		50A4F9272A7D263A001AE2E4 /* DemoData.json in Resources */ = {isa = PBXBuildFile; fileRef = 50A4F9262A7D263A001AE2E4 /* DemoData.json */; };
/* End PBXBuildFile section */

/* Begin PBXFileReference section */
		50A4F9072A77D109001AE2E4 /* GuideBook.app */ = {isa = PBXFileReference; explicitFileType = wrapper.application; includeInIndex = 0; path = GuideBook.app; sourceTree = BUILT_PRODUCTS_DIR; };
		50A4F90A2A77D109001AE2E4 /* GuideBookApp.swift */ = {isa = PBXFileReference; lastKnownFileType = sourcecode.swift; path = GuideBookApp.swift; sourceTree = "<group>"; };
		50A4F90C2A77D109001AE2E4 /* CityView.swift */ = {isa = PBXFileReference; lastKnownFileType = sourcecode.swift; path = CityView.swift; sourceTree = "<group>"; };
		50A4F90E2A77D10A001AE2E4 /* Assets.xcassets */ = {isa = PBXFileReference; lastKnownFileType = folder.assetcatalog; path = Assets.xcassets; sourceTree = "<group>"; };
		50A4F9112A77D10A001AE2E4 /* Preview Assets.xcassets */ = {isa = PBXFileReference; lastKnownFileType = folder.assetcatalog; path = "Preview Assets.xcassets"; sourceTree = "<group>"; };
		50A4F9182A77D146001AE2E4 /* AttractionView.swift */ = {isa = PBXFileReference; lastKnownFileType = sourcecode.swift; path = AttractionView.swift; sourceTree = "<group>"; };
		50A4F91A2A77D159001AE2E4 /* DetailView.swift */ = {isa = PBXFileReference; lastKnownFileType = sourcecode.swift; path = DetailView.swift; sourceTree = "<group>"; };
		50A4F91C2A77D180001AE2E4 /* DataService.swift */ = {isa = PBXFileReference; lastKnownFileType = sourcecode.swift; path = DataService.swift; sourceTree = "<group>"; };
		50A4F91E2A77D207001AE2E4 /* City.swift */ = {isa = PBXFileReference; lastKnownFileType = sourcecode.swift; path = City.swift; sourceTree = "<group>"; };
		50A4F9202A77D26D001AE2E4 /* Attraction.swift */ = {isa = PBXFileReference; lastKnownFileType = sourcecode.swift; path = Attraction.swift; sourceTree = "<group>"; };
		50A4F9222A79295E001AE2E4 /* CityCard.swift */ = {isa = PBXFileReference; lastKnownFileType = sourcecode.swift; path = CityCard.swift; sourceTree = "<group>"; };
		50A4F9242A7931C5001AE2E4 /* AttractionRow.swift */ = {isa = PBXFileReference; lastKnownFileType = sourcecode.swift; path = AttractionRow.swift; sourceTree = "<group>"; };
		50A4F9262A7D263A001AE2E4 /* DemoData.json */ = {isa = PBXFileReference; fileEncoding = 4; lastKnownFileType = text.json; path = DemoData.json; sourceTree = "<group>"; };
/* End PBXFileReference section */

/* Begin PBXFrameworksBuildPhase section */
		50A4F9042A77D109001AE2E4 /* Frameworks */ = {
			isa = PBXFrameworksBuildPhase;
			buildActionMask = 2147483647;
			files = (
			);
			runOnlyForDeploymentPostprocessing = 0;
		};
/* End PBXFrameworksBuildPhase section */

/* Begin PBXGroup section */
		50A4F8FE2A77D109001AE2E4 = {
			isa = PBXGroup;
			children = (
				50A4F9092A77D109001AE2E4 /* GuideBook */,
				50A4F9082A77D109001AE2E4 /* Products */,
			);
			sourceTree = "<group>";
		};
		50A4F9082A77D109001AE2E4 /* Products */ = {
			isa = PBXGroup;
			children = (
				50A4F9072A77D109001AE2E4 /* GuideBook.app */,
			);
			name = Products;
			sourceTree = "<group>";
		};
		50A4F9092A77D109001AE2E4 /* GuideBook */ = {
			isa = PBXGroup;
			children = (
				50A4F90A2A77D109001AE2E4 /* GuideBookApp.swift */,
				50A4F90C2A77D109001AE2E4 /* CityView.swift */,
				50A4F9222A79295E001AE2E4 /* CityCard.swift */,
				50A4F91E2A77D207001AE2E4 /* City.swift */,
				50A4F9182A77D146001AE2E4 /* AttractionView.swift */,
				50A4F9242A7931C5001AE2E4 /* AttractionRow.swift */,
				50A4F9202A77D26D001AE2E4 /* Attraction.swift */,
				50A4F91A2A77D159001AE2E4 /* DetailView.swift */,
				50A4F91C2A77D180001AE2E4 /* DataService.swift */,
				50A4F9262A7D263A001AE2E4 /* DemoData.json */,
				50A4F90E2A77D10A001AE2E4 /* Assets.xcassets */,
				50A4F9102A77D10A001AE2E4 /* Preview Content */,
			);
			path = GuideBook;
			sourceTree = "<group>";
		};
		50A4F9102A77D10A001AE2E4 /* Preview Content */ = {
			isa = PBXGroup;
			children = (
				50A4F9112A77D10A001AE2E4 /* Preview Assets.xcassets */,
			);
			path = "Preview Content";
			sourceTree = "<group>";
		};
/* End PBXGroup section */

/* Begin PBXNativeTarget section */
		50A4F9062A77D109001AE2E4 /* GuideBook */ = {
			isa = PBXNativeTarget;
			buildConfigurationList = 50A4F9152A77D10A001AE2E4 /* Build configuration list for PBXNativeTarget "GuideBook" */;
			buildPhases = (
				50A4F9032A77D109001AE2E4 /* Sources */,
				50A4F9042A77D109001AE2E4 /* Frameworks */,
				50A4F9052A77D109001AE2E4 /* Resources */,
			);
			buildRules = (
			);
			dependencies = (
			);
			name = GuideBook;
			productName = GuideBook;
			productReference = 50A4F9072A77D109001AE2E4 /* GuideBook.app */;
			productType = "com.apple.product-type.application";
		};
/* End PBXNativeTarget section */

/* Begin PBXProject section */
		50A4F8FF2A77D109001AE2E4 /* Project object */ = {
			isa = PBXProject;
			attributes = {
				BuildIndependentTargetsInParallel = 1;
				LastSwiftUpdateCheck = 1430;
				LastUpgradeCheck = 1430;
				TargetAttributes = {
					50A4F9062A77D109001AE2E4 = {
						CreatedOnToolsVersion = 14.3.1;
					};
				};
			};
			buildConfigurationList = 50A4F9022A77D109001AE2E4 /* Build configuration list for PBXProject "GuideBook" */;
			compatibilityVersion = "Xcode 14.0";
			developmentRegion = en;
			hasScannedForEncodings = 0;
			knownRegions = (
				en,
				Base,
			);
			mainGroup = 50A4F8FE2A77D109001AE2E4;
			productRefGroup = 50A4F9082A77D109001AE2E4 /* Products */;
			projectDirPath = "";
			projectRoot = "";
			targets = (
				50A4F9062A77D109001AE2E4 /* GuideBook */,
			);
		};
/* End PBXProject section */

/* Begin PBXResourcesBuildPhase section */
		50A4F9052A77D109001AE2E4 /* Resources */ = {
			isa = PBXResourcesBuildPhase;
			buildActionMask = 2147483647;
			files = (
				50A4F9122A77D10A001AE2E4 /* Preview Assets.xcassets in Resources */,
				50A4F9272A7D263A001AE2E4 /* DemoData.json in Resources */,
				50A4F90F2A77D10A001AE2E4 /* Assets.xcassets in Resources */,
			);
			runOnlyForDeploymentPostprocessing = 0;
		};
/* End PBXResourcesBuildPhase section */

/* Begin PBXSourcesBuildPhase section */
		50A4F9032A77D109001AE2E4 /* Sources */ = {
			isa = PBXSourcesBuildPhase;
			buildActionMask = 2147483647;
			files = (
				50A4F90D2A77D109001AE2E4 /* CityView.swift in Sources */,
				50A4F91B2A77D159001AE2E4 /* DetailView.swift in Sources */,
				50A4F9252A7931C5001AE2E4 /* AttractionRow.swift in Sources */,
				50A4F91F2A77D207001AE2E4 /* City.swift in Sources */,
				50A4F9212A77D26D001AE2E4 /* Attraction.swift in Sources */,
				50A4F9232A79295E001AE2E4 /* CityCard.swift in Sources */,
				50A4F90B2A77D109001AE2E4 /* GuideBookApp.swift in Sources */,
				50A4F9192A77D146001AE2E4 /* AttractionView.swift in Sources */,
				50A4F91D2A77D180001AE2E4 /* DataService.swift in Sources */,
			);
			runOnlyForDeploymentPostprocessing = 0;
		};
/* End PBXSourcesBuildPhase section */

/* Begin XCBuildConfiguration section */
		50A4F9132A77D10A001AE2E4 /* Debug */ = {
			isa = XCBuildConfiguration;
			buildSettings = {
				ALWAYS_SEARCH_USER_PATHS = NO;
				CLANG_ANALYZER_NONNULL = YES;
				CLANG_ANALYZER_NUMBER_OBJECT_CONVERSION = YES_AGGRESSIVE;
				CLANG_CXX_LANGUAGE_STANDARD = "gnu++20";
				CLANG_ENABLE_MODULES = YES;
				CLANG_ENABLE_OBJC_ARC = YES;
				CLANG_ENABLE_OBJC_WEAK = YES;
				CLANG_WARN_BLOCK_CAPTURE_AUTORELEASING = YES;
				CLANG_WARN_BOOL_CONVERSION = YES;
				CLANG_WARN_COMMA = YES;
				CLANG_WARN_CONSTANT_CONVERSION = YES;
				CLANG_WARN_DEPRECATED_OBJC_IMPLEMENTATIONS = YES;
				CLANG_WARN_DIRECT_OBJC_ISA_USAGE = YES_ERROR;
				CLANG_WARN_DOCUMENTATION_COMMENTS = YES;
				CLANG_WARN_EMPTY_BODY = YES;
				CLANG_WARN_ENUM_CONVERSION = YES;
				CLANG_WARN_INFINITE_RECURSION = YES;
				CLANG_WARN_INT_CONVERSION = YES;
				CLANG_WARN_NON_LITERAL_NULL_CONVERSION = YES;
				CLANG_WARN_OBJC_IMPLICIT_RETAIN_SELF = YES;
				CLANG_WARN_OBJC_LITERAL_CONVERSION = YES;
				CLANG_WARN_OBJC_ROOT_CLASS = YES_ERROR;
				CLANG_WARN_QUOTED_INCLUDE_IN_FRAMEWORK_HEADER = YES;
				CLANG_WARN_RANGE_LOOP_ANALYSIS = YES;
				CLANG_WARN_STRICT_PROTOTYPES = YES;
				CLANG_WARN_SUSPICIOUS_MOVE = YES;
				CLANG_WARN_UNGUARDED_AVAILABILITY = YES_AGGRESSIVE;
				CLANG_WARN_UNREACHABLE_CODE = YES;
				CLANG_WARN__DUPLICATE_METHOD_MATCH = YES;
				COPY_PHASE_STRIP = NO;
				DEBUG_INFORMATION_FORMAT = dwarf;
				ENABLE_STRICT_OBJC_MSGSEND = YES;
				ENABLE_TESTABILITY = YES;
				GCC_C_LANGUAGE_STANDARD = gnu11;
				GCC_DYNAMIC_NO_PIC = NO;
				GCC_NO_COMMON_BLOCKS = YES;
				GCC_OPTIMIZATION_LEVEL = 0;
				GCC_PREPROCESSOR_DEFINITIONS = (
					"DEBUG=1",
					"$(inherited)",
				);
				GCC_WARN_64_TO_32_BIT_CONVERSION = YES;
				GCC_WARN_ABOUT_RETURN_TYPE = YES_ERROR;
				GCC_WARN_UNDECLARED_SELECTOR = YES;
				GCC_WARN_UNINITIALIZED_AUTOS = YES_AGGRESSIVE;
				GCC_WARN_UNUSED_FUNCTION = YES;
				GCC_WARN_UNUSED_VARIABLE = YES;
				IPHONEOS_DEPLOYMENT_TARGET = 16.4;
				MTL_ENABLE_DEBUG_INFO = INCLUDE_SOURCE;
				MTL_FAST_MATH = YES;
				ONLY_ACTIVE_ARCH = YES;
				SDKROOT = iphoneos;
				SWIFT_ACTIVE_COMPILATION_CONDITIONS = DEBUG;
				SWIFT_OPTIMIZATION_LEVEL = "-Onone";
			};
			name = Debug;
		};
		50A4F9142A77D10A001AE2E4 /* Release */ = {
			isa = XCBuildConfiguration;
			buildSettings = {
				ALWAYS_SEARCH_USER_PATHS = NO;
				CLANG_ANALYZER_NONNULL = YES;
				CLANG_ANALYZER_NUMBER_OBJECT_CONVERSION = YES_AGGRESSIVE;
				CLANG_CXX_LANGUAGE_STANDARD = "gnu++20";
				CLANG_ENABLE_MODULES = YES;
				CLANG_ENABLE_OBJC_ARC = YES;
				CLANG_ENABLE_OBJC_WEAK = YES;
				CLANG_WARN_BLOCK_CAPTURE_AUTORELEASING = YES;
				CLANG_WARN_BOOL_CONVERSION = YES;
				CLANG_WARN_COMMA = YES;
				CLANG_WARN_CONSTANT_CONVERSION = YES;
				CLANG_WARN_DEPRECATED_OBJC_IMPLEMENTATIONS = YES;
				CLANG_WARN_DIRECT_OBJC_ISA_USAGE = YES_ERROR;
				CLANG_WARN_DOCUMENTATION_COMMENTS = YES;
				CLANG_WARN_EMPTY_BODY = YES;
				CLANG_WARN_ENUM_CONVERSION = YES;
				CLANG_WARN_INFINITE_RECURSION = YES;
				CLANG_WARN_INT_CONVERSION = YES;
				CLANG_WARN_NON_LITERAL_NULL_CONVERSION = YES;
				CLANG_WARN_OBJC_IMPLICIT_RETAIN_SELF = YES;
				CLANG_WARN_OBJC_LITERAL_CONVERSION = YES;
				CLANG_WARN_OBJC_ROOT_CLASS = YES_ERROR;
				CLANG_WARN_QUOTED_INCLUDE_IN_FRAMEWORK_HEADER = YES;
				CLANG_WARN_RANGE_LOOP_ANALYSIS = YES;
				CLANG_WARN_STRICT_PROTOTYPES = YES;
				CLANG_WARN_SUSPICIOUS_MOVE = YES;
				CLANG_WARN_UNGUARDED_AVAILABILITY = YES_AGGRESSIVE;
				CLANG_WARN_UNREACHABLE_CODE = YES;
				CLANG_WARN__DUPLICATE_METHOD_MATCH = YES;
				COPY_PHASE_STRIP = NO;
				DEBUG_INFORMATION_FORMAT = "dwarf-with-dsym";
				ENABLE_NS_ASSERTIONS = NO;
				ENABLE_STRICT_OBJC_MSGSEND = YES;
				GCC_C_LANGUAGE_STANDARD = gnu11;
				GCC_NO_COMMON_BLOCKS = YES;
				GCC_WARN_64_TO_32_BIT_CONVERSION = YES;
				GCC_WARN_ABOUT_RETURN_TYPE = YES_ERROR;
				GCC_WARN_UNDECLARED_SELECTOR = YES;
				GCC_WARN_UNINITIALIZED_AUTOS = YES_AGGRESSIVE;
				GCC_WARN_UNUSED_FUNCTION = YES;
				GCC_WARN_UNUSED_VARIABLE = YES;
				IPHONEOS_DEPLOYMENT_TARGET = 16.4;
				MTL_ENABLE_DEBUG_INFO = NO;
				MTL_FAST_MATH = YES;
				SDKROOT = iphoneos;
				SWIFT_COMPILATION_MODE = wholemodule;
				SWIFT_OPTIMIZATION_LEVEL = "-O";
				VALIDATE_PRODUCT = YES;
			};
			name = Release;
		};
		50A4F9162A77D10A001AE2E4 /* Debug */ = {
			isa = XCBuildConfiguration;
			buildSettings = {
				ASSETCATALOG_COMPILER_APPICON_NAME = AppIcon;
				ASSETCATALOG_COMPILER_GLOBAL_ACCENT_COLOR_NAME = AccentColor;
				CODE_SIGN_STYLE = Automatic;
				CURRENT_PROJECT_VERSION = 1;
				DEVELOPMENT_ASSET_PATHS = "\"GuideBook/Preview Content\"";
				ENABLE_PREVIEWS = YES;
				GENERATE_INFOPLIST_FILE = YES;
				INFOPLIST_KEY_UIApplicationSceneManifest_Generation = YES;
				INFOPLIST_KEY_UIApplicationSupportsIndirectInputEvents = YES;
				INFOPLIST_KEY_UILaunchScreen_Generation = YES;
				INFOPLIST_KEY_UISupportedInterfaceOrientations_iPad = "UIInterfaceOrientationPortrait UIInterfaceOrientationPortraitUpsideDown UIInterfaceOrientationLandscapeLeft UIInterfaceOrientationLandscapeRight";
				INFOPLIST_KEY_UISupportedInterfaceOrientations_iPhone = "UIInterfaceOrientationPortrait UIInterfaceOrientationLandscapeLeft UIInterfaceOrientationLandscapeRight";
				LD_RUNPATH_SEARCH_PATHS = (
					"$(inherited)",
					"@executable_path/Frameworks",
				);
				MARKETING_VERSION = 1.0;
				PRODUCT_BUNDLE_IDENTIFIER = RAKHYUN.GuideBook;
				PRODUCT_NAME = "$(TARGET_NAME)";
				SWIFT_EMIT_LOC_STRINGS = YES;
				SWIFT_VERSION = 5.0;
				TARGETED_DEVICE_FAMILY = "1,2";
			};
			name = Debug;
		};
		50A4F9172A77D10A001AE2E4 /* Release */ = {
			isa = XCBuildConfiguration;
			buildSettings = {
				ASSETCATALOG_COMPILER_APPICON_NAME = AppIcon;
				ASSETCATALOG_COMPILER_GLOBAL_ACCENT_COLOR_NAME = AccentColor;
				CODE_SIGN_STYLE = Automatic;
				CURRENT_PROJECT_VERSION = 1;
				DEVELOPMENT_ASSET_PATHS = "\"GuideBook/Preview Content\"";
				ENABLE_PREVIEWS = YES;
				GENERATE_INFOPLIST_FILE = YES;
				INFOPLIST_KEY_UIApplicationSceneManifest_Generation = YES;
				INFOPLIST_KEY_UIApplicationSupportsIndirectInputEvents = YES;
				INFOPLIST_KEY_UILaunchScreen_Generation = YES;
				INFOPLIST_KEY_UISupportedInterfaceOrientations_iPad = "UIInterfaceOrientationPortrait UIInterfaceOrientationPortraitUpsideDown UIInterfaceOrientationLandscapeLeft UIInterfaceOrientationLandscapeRight";
				INFOPLIST_KEY_UISupportedInterfaceOrientations_iPhone = "UIInterfaceOrientationPortrait UIInterfaceOrientationLandscapeLeft UIInterfaceOrientationLandscapeRight";
				LD_RUNPATH_SEARCH_PATHS = (
					"$(inherited)",
					"@executable_path/Frameworks",
				);
				MARKETING_VERSION = 1.0;
				PRODUCT_BUNDLE_IDENTIFIER = RAKHYUN.GuideBook;
				PRODUCT_NAME = "$(TARGET_NAME)";
				SWIFT_EMIT_LOC_STRINGS = YES;
				SWIFT_VERSION = 5.0;
				TARGETED_DEVICE_FAMILY = "1,2";
			};
			name = Release;
		};
/* End XCBuildConfiguration section */

/* Begin XCConfigurationList section */
		50A4F9022A77D109001AE2E4 /* Build configuration list for PBXProject "GuideBook" */ = {
			isa = XCConfigurationList;
			buildConfigurations = (
				50A4F9132A77D10A001AE2E4 /* Debug */,
				50A4F9142A77D10A001AE2E4 /* Release */,
			);
			defaultConfigurationIsVisible = 0;
			defaultConfigurationName = Release;
		};
		50A4F9152A77D10A001AE2E4 /* Build configuration list for PBXNativeTarget "GuideBook" */ = {
			isa = XCConfigurationList;
			buildConfigurations = (
				50A4F9162A77D10A001AE2E4 /* Debug */,
				50A4F9172A77D10A001AE2E4 /* Release */,
			);
			defaultConfigurationIsVisible = 0;
			defaultConfigurationName = Release;
		};
/* End XCConfigurationList section */
	};
	rootObject = 50A4F8FF2A77D109001AE2E4 /* Project object */;
}
